
Microsoft Visual Studio Solution File, Format Version 12.00
# Visual Studio 15
VisualStudioVersion = 15.0.26124.0
MinimumVisualStudioVersion = 15.0.26124.0
Project("{FAE04EC0-301F-11D3-BF4B-00C04F79EFBC}") = "Pamola.Transient", "Source\Pamola.Transient.csproj", "{8C05474D-3380-4C51-8C7B-819A87FC2550}"
EndProject
Project("{FAE04EC0-301F-11D3-BF4B-00C04F79EFBC}") = "Pamola.Transient.UT", "Tests\Pamola.Transient.UT.csproj", "{A55AE3BB-EC78-45F5-A658-785A5BD74F0F}"
EndProject
Global
	GlobalSection(SolutionConfigurationPlatforms) = preSolution
		Debug|Any CPU = Debug|Any CPU
		Debug|x64 = Debug|x64
		Debug|x86 = Debug|x86
		Release|Any CPU = Release|Any CPU
		Release|x64 = Release|x64
		Release|x86 = Release|x86
	EndGlobalSection
	GlobalSection(SolutionProperties) = preSolution
		HideSolutionNode = FALSE
	EndGlobalSection
	GlobalSection(ProjectConfigurationPlatforms) = postSolution
		{8C05474D-3380-4C51-8C7B-819A87FC2550}.Debug|Any CPU.ActiveCfg = Debug|Any CPU
		{8C05474D-3380-4C51-8C7B-819A87FC2550}.Debug|Any CPU.Build.0 = Debug|Any CPU
		{8C05474D-3380-4C51-8C7B-819A87FC2550}.Debug|x64.ActiveCfg = Debug|Any CPU
		{8C05474D-3380-4C51-8C7B-819A87FC2550}.Debug|x64.Build.0 = Debug|Any CPU
		{8C05474D-3380-4C51-8C7B-819A87FC2550}.Debug|x86.ActiveCfg = Debug|Any CPU
		{8C05474D-3380-4C51-8C7B-819A87FC2550}.Debug|x86.Build.0 = Debug|Any CPU
		{8C05474D-3380-4C51-8C7B-819A87FC2550}.Release|Any CPU.ActiveCfg = Release|Any CPU
		{8C05474D-3380-4C51-8C7B-819A87FC2550}.Release|Any CPU.Build.0 = Release|Any CPU
		{8C05474D-3380-4C51-8C7B-819A87FC2550}.Release|x64.ActiveCfg = Release|Any CPU
		{8C05474D-3380-4C51-8C7B-819A87FC2550}.Release|x64.Build.0 = Release|Any CPU
		{8C05474D-3380-4C51-8C7B-819A87FC2550}.Release|x86.ActiveCfg = Release|Any CPU
		{8C05474D-3380-4C51-8C7B-819A87FC2550}.Release|x86.Build.0 = Release|Any CPU
		{A55AE3BB-EC78-45F5-A658-785A5BD74F0F}.Debug|Any CPU.ActiveCfg = Debug|Any CPU
		{A55AE3BB-EC78-45F5-A658-785A5BD74F0F}.Debug|Any CPU.Build.0 = Debug|Any CPU
		{A55AE3BB-EC78-45F5-A658-785A5BD74F0F}.Debug|x64.ActiveCfg = Debug|Any CPU
		{A55AE3BB-EC78-45F5-A658-785A5BD74F0F}.Debug|x64.Build.0 = Debug|Any CPU
		{A55AE3BB-EC78-45F5-A658-785A5BD74F0F}.Debug|x86.ActiveCfg = Debug|Any CPU
		{A55AE3BB-EC78-45F5-A658-785A5BD74F0F}.Debug|x86.Build.0 = Debug|Any CPU
		{A55AE3BB-EC78-45F5-A658-785A5BD74F0F}.Release|Any CPU.ActiveCfg = Release|Any CPU
		{A55AE3BB-EC78-45F5-A658-785A5BD74F0F}.Release|Any CPU.Build.0 = Release|Any CPU
		{A55AE3BB-EC78-45F5-A658-785A5BD74F0F}.Release|x64.ActiveCfg = Release|Any CPU
		{A55AE3BB-EC78-45F5-A658-785A5BD74F0F}.Release|x64.Build.0 = Release|Any CPU
		{A55AE3BB-EC78-45F5-A658-785A5BD74F0F}.Release|x86.ActiveCfg = Release|Any CPU
		{A55AE3BB-EC78-45F5-A658-785A5BD74F0F}.Release|x86.Build.0 = Release|Any CPU
	EndGlobalSection
EndGlobal
